github.com/jealone/goconf v1.1.0 h1:vFa5IARMXhk9RUsOqYx3MKw549xN/ucSLfhgIxOneTk=
github.com/jealone/goconf v1.1.0/go.mod h1:aJbhLHg+PDFc8xlhrkduNjzE0wK6P4fle74fAF8Dnqc=
github.com/jealone/sli4go v1.0.0 h1:fslLmsa0w7XzvS0K/dGn+Q7D71EOrVYf9ZSOpPourW8=
github.com/jealone/sli4go v1.0.0/go.mod h1:HqxXcEnt7bbiVnJeSgDIgk2giMH1aim79YYgEqx6GTU=
gopkg.in/check.v1 v0.0.0-20161208181325-20d25e280405 h1:yhCVgyC4o1eVCa2tZl7eS0r+SDo693bJlVdllGtEeKM=
gopkg.in/check.v1 v0.0.0-20161208181325-20d25e280405/go.mod h1:Co6ibVJAznAaIkqp8huTwlJQCZ016jof/cbN4VW5Yz0=
gopkg.in/yaml.v3 v3.0.0-20200506231410-2ff61e1afc86 h1:OfFoIUYv/me30yv7XlMy4F9RJw8DEm8WQ6QG1Ph4bH0=
gopkg.in/yaml.v3 v3.0.0-20200506231410-2ff61e1afc86/go.mod h1:K4uyk7z7BCEPqu6E+C64Yfv1cQ7kz7rIZviUmN+EgEM=
